{
  "requires": true,
  "lockfileVersion": 1,
  "dependencies": {
    "@radial-color-picker/color-wheel": {
      "version": "2.2.2",
      "resolved": "https://registry.npmjs.org/@radial-color-picker/color-wheel/-/color-wheel-2.2.2.tgz",
      "integrity": "sha512-TCiOm77puc0fWG/syMOM0FuPwwtJ2Yc2dUf/BbMhQe6RanRUfS1tcJCef3eYTwidWggLOqswr71sS+9tdfZ+Sg=="
    },
    "@radial-color-picker/rotator": {
      "version": "3.0.1",
      "resolved": "https://registry.npmjs.org/@radial-color-picker/rotator/-/rotator-3.0.1.tgz",
      "integrity": "sha512-RKtlLzZKAvDpRNLZEP61OxtZerBOmHKkQ656MNRMKwnMdF/+hwiozRLOTHWyhMkK1xueIOuiP3U50qtjSM1vAw=="
    },
    "@radial-color-picker/vue-color-picker": {
      "version": "4.0.0",
      "resolved": "https://registry.npmjs.org/@radial-color-picker/vue-color-picker/-/vue-color-picker-4.0.0.tgz",
      "integrity": "sha512-NsC+0nF0xIQl7vcirC77BAHtHFoJEF+KGmcDVNOLfgAcV5MMxsNbdgDPgOMa5Qeog0UvcAJlbJ7jLxqmo8IVQA==",
      "requires": {
        "@radial-color-picker/color-wheel": "2.2.2",
        "@radial-color-picker/rotator": "3.0.1"
      }
    }
  }
}
